Microsoft Visual Studio Solution File, Format Version 12.00
# Visual Studio Version 17
VisualStudioVersion = 17.14.35906.104
MinimumVisualStudioVersion = 10.0.40219.1
Project("{FAE04EC0-301F-11D3-BF4B-00C04F79EFBC}") = "BWA10P3TestDeclarativePersistStateDELETEME", "BWA10P3TestDeclarativePersistStateDELETEME.csproj", "{BE50AE68-608E-4F9B-82A4-B05ACEE9B3A0}"
EndProject
Global
	GlobalSection(SolutionConfigurationPlatforms) = preSolution
		Debug|Any CPU = Debug|Any CPU
		Release|Any CPU = Release|Any CPU
	EndGlobalSection
	GlobalSection(ProjectConfigurationPlatforms) = postSolution
		{BE50AE68-608E-4F9B-82A4-B05ACEE9B3A0}.Debug|Any CPU.ActiveCfg = Debug|Any CPU
		{BE50AE68-608E-4F9B-82A4-B05ACEE9B3A0}.Debug|Any CPU.Build.0 = Debug|Any CPU
		{BE50AE68-608E-4F9B-82A4-B05ACEE9B3A0}.Release|Any CPU.ActiveCfg = Release|Any CPU
		{BE50AE68-608E-4F9B-82A4-B05ACEE9B3A0}.Release|Any CPU.Build.0 = Release|Any CPU
	EndGlobalSection
	GlobalSection(SolutionProperties) = preSolution
		HideSolutionNode = FALSE
	EndGlobalSection
	GlobalSection(ExtensibilityGlobals) = postSolution
		SolutionGuid = {4CD7C0EF-DF17-4FD4-ACAD-D28EF7902DE5}
	EndGlobalSection
EndGlobal
